
Microsoft Visual Studio Solution File, Format Version 12.00
# Visual Studio 15
VisualStudioVersion = 15.0.28307.489
MinimumVisualStudioVersion = 10.0.40219.1
Project("{FAE04EC0-301F-11D3-BF4B-00C04F79EFBC}") = "gitHubNetFrameworkPractice", "gitHubNetFrameworkPractice\gitHubNetFrameworkPractice.csproj", "{FBCAEF2E-FFD4-4EF4-926A-611A9E8F787E}"
EndProject
Global
	GlobalSection(SolutionConfigurationPlatforms) = preSolution
		Debug|Any CPU = Debug|Any CPU
		Release|Any CPU = Release|Any CPU
	EndGlobalSection
	GlobalSection(ProjectConfigurationPlatforms) = postSolution
		{FBCAEF2E-FFD4-4EF4-926A-611A9E8F787E}.Debug|Any CPU.ActiveCfg = Debug|Any CPU
		{FBCAEF2E-FFD4-4EF4-926A-611A9E8F787E}.Debug|Any CPU.Build.0 = Debug|Any CPU
		{FBCAEF2E-FFD4-4EF4-926A-611A9E8F787E}.Release|Any CPU.ActiveCfg = Release|Any CPU
		{FBCAEF2E-FFD4-4EF4-926A-611A9E8F787E}.Release|Any CPU.Build.0 = Release|Any CPU
	EndGlobalSection
	GlobalSection(SolutionProperties) = preSolution
		HideSolutionNode = FALSE
	EndGlobalSection
	GlobalSection(ExtensibilityGlobals) = postSolution
		SolutionGuid = {A452522C-2645-47C3-AD24-54D4B1246595}
	EndGlobalSection
EndGlobal
